# This file is automatically @generated by Cargo.
# It is not intended for manual editing.
version = 3

[[package]]
name = "bitflags"
version = "2.3.1"
source = "registry+https://github.com/rust-lang/crates.io-index"
checksum = "6776fc96284a0bb647b615056fc496d1fe1644a7ab01829818a6d91cae888b84"

[[package]]
name = "min"
version = "0.1.0"
dependencies = [
 "min-bindings",
]

[[package]]
name = "min-bindings"
version = "0.1.0"
dependencies = [
 "wit-bindgen",
]

[[package]]
name = "wit-bindgen"
version = "0.5.0"
source = "registry+https://github.com/rust-lang/crates.io-index"
checksum = "bb2c38628008163b3fedefa9399ce5966ec27ea1b91e500ee569d81d9cf60418"
dependencies = [
 "bitflags",
]
